{
  "name": "atomic-bot",
  "version": "1.0.0",
  "lockfileVersion": 2,
  "dependencies": {
    "@adiwajshing/baileys": {
      "version": "5.0.0",
      "resolved": "https://registry.npmjs.org/@adiwajshing/baileys/-/baileys-5.0.0.tgz",
      "integrity": "sha512-Hz/qYfAg6yzr5JlDlAtpWlnvsw8Wv7l7zHXYMlFzHhQdpU+Uq9nH2MAV91Q6uWNjmtqU6/hsZnV3hvDBgHz6rw==",
      "engines": {
        "node": ">=12.0.0"
      }
    },
    "axios": {
      "version": "0.27.2",
      "resolved": "https://registry.npmjs.org/axios/-/axios-0.27.2.tgz",
      "integrity": "sha512-SzDAvqkMwE61A4L7hvP7DjCGOB2Wn5QxiXyRymH5KJ5vD5mfFiM5l4kydtAV8bsuPf+AXEXAtwrx6P4zqsO9SA=="
    },
    "chalk": {
      "version": "4.1.2",
      "resolved": "https://registry.npmjs.org/chalk/-/chalk-4.1.2.tgz",
      "integrity": "sha512-VZVt5kS4eEkO5oOrLKnobEwpn2uYl0N+kFzDxaDkeIEuYVjYl4TfbxNiEK6sGHwDJ5pMPmFsNUrT1AGdxlHZ6A=="
    },
    "fs": {
      "version": "0.0.1-security",
      "resolved": "https://registry.npmjs.org/fs/-/fs-0.0.1-security.tgz",
      "integrity": "sha1-9b1fa26ad58d24f8c78f45b8f09c87f13f1f9a9b"
    },
    "qrcode-terminal": {
      "version": "0.12.0",
      "resolved": "https://registry.npmjs.org/qrcode-terminal/-/qrcode-terminal-0.12.0.tgz",
      "integrity": "sha1-61e93e506b2447cced24b7f1d56d6cd2b935ed45"
    }
  }
}
